// !$*UTF8*$!
{
	archiveVersion = 1;
	classes = {
	};
	objectVersion = 46;
	objects = {

/* Begin PBXBuildFile section */
		8E005F6E1F4B0D9D001ADAEF /* MainViewController.swift in Sources */ = {isa = PBXBuildFile; fileRef = 8E005F6D1F4B0D9D001ADAEF /* MainViewController.swift */; };
		8E005FB81F4B19E0001ADAEF /* Home.storyboard in Resources */ = {isa = PBXBuildFile; fileRef = 8E005FB61F4B19E0001ADAEF /* Home.storyboard */; };
		8E005FBD1F4B1A78001ADAEF /* Follow.storyboard in Resources */ = {isa = PBXBuildFile; fileRef = 8E005FBB1F4B1A78001ADAEF /* Follow.storyboard */; };
		8E005FC21F4B1B38001ADAEF /* Profile.storyboard in Resources */ = {isa = PBXBuildFile; fileRef = 8E005FC01F4B1B38001ADAEF /* Profile.storyboard */; };
		8E005FC41F4B1B5A001ADAEF /* Mine.storyboard in Resources */ = {isa = PBXBuildFile; fileRef = 8E005FC31F4B1B5A001ADAEF /* Mine.storyboard */; };
		8E005FC71F4B1BD0001ADAEF /* Live.storyboard in Resources */ = {isa = PBXBuildFile; fileRef = 8E005FC51F4B1BD0001ADAEF /* Live.storyboard */; };
		8E190C211F483664006C2435 /* AppDelegate.swift in Sources */ = {isa = PBXBuildFile; fileRef = 8E190C201F483664006C2435 /* AppDelegate.swift */; };
		8E190C261F483664006C2435 /* Main.storyboard in Resources */ = {isa = PBXBuildFile; fileRef = 8E190C241F483664006C2435 /* Main.storyboard */; };
		8E190C281F483664006C2435 /* Assets.xcassets in Resources */ = {isa = PBXBuildFile; fileRef = 8E190C271F483664006C2435 /* Assets.xcassets */; };
/* End PBXBuildFile section */

/* Begin PBXFileReference section */
		8E005F6D1F4B0D9D001ADAEF /* MainViewController.swift */ = {isa = PBXFileReference; fileEncoding = 4; lastKnownFileType = sourcecode.swift; path = MainViewController.swift; sourceTree = "<group>"; };
		8E005FB71F4B19E0001ADAEF /* Base */ = {isa = PBXFileReference; lastKnownFileType = file.storyboard; name = Base; path = Base.lproj/Home.storyboard; sourceTree = "<group>"; };
		8E005FBC1F4B1A78001ADAEF /* Base */ = {isa = PBXFileReference; lastKnownFileType = file.storyboard; name = Base; path = Base.lproj/Follow.storyboard; sourceTree = "<group>"; };
		8E005FC11F4B1B38001ADAEF /* Base */ = {isa = PBXFileReference; lastKnownFileType = file.storyboard; name = Base; path = Base.lproj/Profile.storyboard; sourceTree = "<group>"; };
		8E005FC31F4B1B5A001ADAEF /* Mine.storyboard */ = {isa = PBXFileReference; fileEncoding = 4; lastKnownFileType = file.storyboard; path = Mine.storyboard; sourceTree = "<group>"; };
		8E005FC61F4B1BD0001ADAEF /* Base */ = {isa = PBXFileReference; lastKnownFileType = file.storyboard; name = Base; path = Base.lproj/Live.storyboard; sourceTree = "<group>"; };
		8E190C1D1F483664006C2435 /* DYZB.app */ = {isa = PBXFileReference; explicitFileType = wrapper.application; includeInIndex = 0; path = DYZB.app; sourceTree = BUILT_PRODUCTS_DIR; };
		8E190C201F483664006C2435 /* AppDelegate.swift */ = {isa = PBXFileReference; lastKnownFileType = sourcecode.swift; path = AppDelegate.swift; sourceTree = "<group>"; };
		8E190C251F483664006C2435 /* Base */ = {isa = PBXFileReference; lastKnownFileType = file.storyboard; name = Base; path = Base.lproj/Main.storyboard; sourceTree = "<group>"; };
		8E190C271F483664006C2435 /* Assets.xcassets */ = {isa = PBXFileReference; lastKnownFileType = folder.assetcatalog; path = Assets.xcassets; sourceTree = "<group>"; };
		8E190C2C1F483664006C2435 /* Info.plist */ = {isa = PBXFileReference; lastKnownFileType = text.plist.xml; path = Info.plist; sourceTree = "<group>"; };
/* End PBXFileReference section */

/* Begin PBXFrameworksBuildPhase section */
		8E190C1A1F483664006C2435 /* Frameworks */ = {
			isa = PBXFrameworksBuildPhase;
			buildActionMask = 2147483647;
			files = (
			);
			runOnlyForDeploymentPostprocessing = 0;
		};
/* End PBXFrameworksBuildPhase section */

/* Begin PBXGroup section */
		8E005F891F4B16C1001ADAEF /* Follow */ = {
			isa = PBXGroup;
			children = (
				8E005F8A1F4B16C1001ADAEF /* Controller */,
				8E005F8C1F4B16C1001ADAEF /* Model */,
				8E005F8D1F4B16C1001ADAEF /* View */,
			);
			path = Follow;
			sourceTree = "<group>";
		};
		8E005F8A1F4B16C1001ADAEF /* Controller */ = {
			isa = PBXGroup;
			children = (
			);
			path = Controller;
			sourceTree = "<group>";
		};
		8E005F8C1F4B16C1001ADAEF /* Model */ = {
			isa = PBXGroup;
			children = (
			);
			path = Model;
			sourceTree = "<group>";
		};
		8E005F8D1F4B16C1001ADAEF /* View */ = {
			isa = PBXGroup;
			children = (
			);
			path = View;
			sourceTree = "<group>";
		};
		8E005F8E1F4B16C1001ADAEF /* Home */ = {
			isa = PBXGroup;
			children = (
				8E005F8F1F4B16C1001ADAEF /* Controller */,
				8E005F911F4B16C1001ADAEF /* Model */,
				8E005F921F4B16C1001ADAEF /* View */,
			);
			path = Home;
			sourceTree = "<group>";
		};
		8E005F8F1F4B16C1001ADAEF /* Controller */ = {
			isa = PBXGroup;
			children = (
			);
			path = Controller;
			sourceTree = "<group>";
		};
		8E005F911F4B16C1001ADAEF /* Model */ = {
			isa = PBXGroup;
			children = (
			);
			path = Model;
			sourceTree = "<group>";
		};
		8E005F921F4B16C1001ADAEF /* View */ = {
			isa = PBXGroup;
			children = (
			);
			path = View;
			sourceTree = "<group>";
		};
		8E005F931F4B16C1001ADAEF /* Live */ = {
			isa = PBXGroup;
			children = (
				8E005F941F4B16C1001ADAEF /* Controller */,
				8E005F961F4B16C1001ADAEF /* Model */,
				8E005F971F4B16C1001ADAEF /* View */,
			);
			path = Live;
			sourceTree = "<group>";
		};
		8E005F941F4B16C1001ADAEF /* Controller */ = {
			isa = PBXGroup;
			children = (
			);
			path = Controller;
			sourceTree = "<group>";
		};
		8E005F961F4B16C1001ADAEF /* Model */ = {
			isa = PBXGroup;
			children = (
			);
			path = Model;
			sourceTree = "<group>";
		};
		8E005F971F4B16C1001ADAEF /* View */ = {
			isa = PBXGroup;
			children = (
			);
			path = View;
			sourceTree = "<group>";
		};
		8E005F981F4B16C1001ADAEF /* Mine */ = {
			isa = PBXGroup;
			children = (
				8E005F991F4B16C1001ADAEF /* Controller */,
				8E005F9B1F4B16C1001ADAEF /* Model */,
				8E005F9C1F4B16C1001ADAEF /* View */,
			);
			path = Mine;
			sourceTree = "<group>";
		};
		8E005F991F4B16C1001ADAEF /* Controller */ = {
			isa = PBXGroup;
			children = (
			);
			path = Controller;
			sourceTree = "<group>";
		};
		8E005F9B1F4B16C1001ADAEF /* Model */ = {
			isa = PBXGroup;
			children = (
			);
			path = Model;
			sourceTree = "<group>";
		};
		8E005F9C1F4B16C1001ADAEF /* View */ = {
			isa = PBXGroup;
			children = (
			);
			path = View;
			sourceTree = "<group>";
		};
		8E005F9D1F4B16C1001ADAEF /* Profile */ = {
			isa = PBXGroup;
			children = (
				8E005F9E1F4B16C1001ADAEF /* Controller */,
				8E005FA01F4B16C1001ADAEF /* Model */,
				8E005FA11F4B16C1001ADAEF /* View */,
			);
			path = Profile;
			sourceTree = "<group>";
		};
		8E005F9E1F4B16C1001ADAEF /* Controller */ = {
			isa = PBXGroup;
			children = (
			);
			path = Controller;
			sourceTree = "<group>";
		};
		8E005FA01F4B16C1001ADAEF /* Model */ = {
			isa = PBXGroup;
			children = (
			);
			path = Model;
			sourceTree = "<group>";
		};
		8E005FA11F4B16C1001ADAEF /* View */ = {
			isa = PBXGroup;
			children = (
			);
			path = View;
			sourceTree = "<group>";
		};
		8E005FA21F4B16C1001ADAEF /* Tools */ = {
			isa = PBXGroup;
			children = (
			);
			path = Tools;
			sourceTree = "<group>";
		};
		8E190C141F483664006C2435 = {
			isa = PBXGroup;
			children = (
				8E190C1F1F483664006C2435 /* DYZB */,
				8E190C1E1F483664006C2435 /* Products */,
			);
			sourceTree = "<group>";
		};
		8E190C1E1F483664006C2435 /* Products */ = {
			isa = PBXGroup;
			children = (
				8E190C1D1F483664006C2435 /* DYZB.app */,
			);
			name = Products;
			sourceTree = "<group>";
		};
		8E190C1F1F483664006C2435 /* DYZB */ = {
			isa = PBXGroup;
			children = (
				8E191FE81F483FCE006C2435 /* classes */,
				8E190C201F483664006C2435 /* AppDelegate.swift */,
				8E005F6D1F4B0D9D001ADAEF /* MainViewController.swift */,
				8E190C241F483664006C2435 /* Main.storyboard */,
				8E005FC51F4B1BD0001ADAEF /* Live.storyboard */,
				8E005FC31F4B1B5A001ADAEF /* Mine.storyboard */,
				8E005FC01F4B1B38001ADAEF /* Profile.storyboard */,
				8E005FBB1F4B1A78001ADAEF /* Follow.storyboard */,
				8E005FB61F4B19E0001ADAEF /* Home.storyboard */,
				8E190C271F483664006C2435 /* Assets.xcassets */,
				8E190C2C1F483664006C2435 /* Info.plist */,
			);
			path = DYZB;
			sourceTree = "<group>";
		};
		8E191FE81F483FCE006C2435 /* classes */ = {
			isa = PBXGroup;
			children = (
				8E005F891F4B16C1001ADAEF /* Follow */,
				8E005F8E1F4B16C1001ADAEF /* Home */,
				8E005F931F4B16C1001ADAEF /* Live */,
				8E005F981F4B16C1001ADAEF /* Mine */,
				8E005F9D1F4B16C1001ADAEF /* Profile */,
				8E005FA21F4B16C1001ADAEF /* Tools */,
			);
			path = classes;
			sourceTree = "<group>";
		};
/* End PBXGroup section */

/* Begin PBXNativeTarget section */
		8E190C1C1F483664006C2435 /* DYZB */ = {
			isa = PBXNativeTarget;
			buildConfigurationList = 8E190C2F1F483664006C2435 /* Build configuration list for PBXNativeTarget "DYZB" */;
			buildPhases = (
				8E190C191F483664006C2435 /* Sources */,
				8E190C1A1F483664006C2435 /* Frameworks */,
				8E190C1B1F483664006C2435 /* Resources */,
			);
			buildRules = (
			);
			dependencies = (
			);
			name = DYZB;
			productName = DYZB;
			productReference = 8E190C1D1F483664006C2435 /* DYZB.app */;
			productType = "com.apple.product-type.application";
		};
/* End PBXNativeTarget section */

/* Begin PBXProject section */
		8E190C151F483664006C2435 /* Project object */ = {
			isa = PBXProject;
			attributes = {
				LastSwiftUpdateCheck = 0830;
				LastUpgradeCheck = 0830;
				ORGANIZATIONNAME = "孟现进";
				TargetAttributes = {
					8E190C1C1F483664006C2435 = {
						CreatedOnToolsVersion = 8.3.3;
						DevelopmentTeam = 679D3BL67H;
						ProvisioningStyle = Automatic;
					};
				};
			};
			buildConfigurationList = 8E190C181F483664006C2435 /* Build configuration list for PBXProject "DYZB" */;
			compatibilityVersion = "Xcode 3.2";
			developmentRegion = English;
			hasScannedForEncodings = 0;
			knownRegions = (
				en,
				Base,
			);
			mainGroup = 8E190C141F483664006C2435;
			productRefGroup = 8E190C1E1F483664006C2435 /* Products */;
			projectDirPath = "";
			projectRoot = "";
			targets = (
				8E190C1C1F483664006C2435 /* DYZB */,
			);
		};
/* End PBXProject section */

/* Begin PBXResourcesBuildPhase section */
		8E190C1B1F483664006C2435 /* Resources */ = {
			isa = PBXResourcesBuildPhase;
			buildActionMask = 2147483647;
			files = (
				8E005FC21F4B1B38001ADAEF /* Profile.storyboard in Resources */,
				8E005FBD1F4B1A78001ADAEF /* Follow.storyboard in Resources */,
				8E190C281F483664006C2435 /* Assets.xcassets in Resources */,
				8E190C261F483664006C2435 /* Main.storyboard in Resources */,
				8E005FC41F4B1B5A001ADAEF /* Mine.storyboard in Resources */,
				8E005FB81F4B19E0001ADAEF /* Home.storyboard in Resources */,
				8E005FC71F4B1BD0001ADAEF /* Live.storyboard in Resources */,
			);
			runOnlyForDeploymentPostprocessing = 0;
		};
/* End PBXResourcesBuildPhase section */

/* Begin PBXSourcesBuildPhase section */
		8E190C191F483664006C2435 /* Sources */ = {
			isa = PBXSourcesBuildPhase;
			buildActionMask = 2147483647;
			files = (
				8E190C211F483664006C2435 /* AppDelegate.swift in Sources */,
				8E005F6E1F4B0D9D001ADAEF /* MainViewController.swift in Sources */,
			);
			runOnlyForDeploymentPostprocessing = 0;
		};
/* End PBXSourcesBuildPhase section */

/* Begin PBXVariantGroup section */
		8E005FB61F4B19E0001ADAEF /* Home.storyboard */ = {
			isa = PBXVariantGroup;
			children = (
				8E005FB71F4B19E0001ADAEF /* Base */,
			);
			name = Home.storyboard;
			sourceTree = "<group>";
		};
		8E005FBB1F4B1A78001ADAEF /* Follow.storyboard */ = {
			isa = PBXVariantGroup;
			children = (
				8E005FBC1F4B1A78001ADAEF /* Base */,
			);
			name = Follow.storyboard;
			sourceTree = "<group>";
		};
		8E005FC01F4B1B38001ADAEF /* Profile.storyboard */ = {
			isa = PBXVariantGroup;
			children = (
				8E005FC11F4B1B38001ADAEF /* Base */,
			);
			name = Profile.storyboard;
			sourceTree = "<group>";
		};
		8E005FC51F4B1BD0001ADAEF /* Live.storyboard */ = {
			isa = PBXVariantGroup;
			children = (
				8E005FC61F4B1BD0001ADAEF /* Base */,
			);
			name = Live.storyboard;
			sourceTree = "<group>";
		};
		8E190C241F483664006C2435 /* Main.storyboard */ = {
			isa = PBXVariantGroup;
			children = (
				8E190C251F483664006C2435 /* Base */,
			);
			name = Main.storyboard;
			sourceTree = "<group>";
		};
/* End PBXVariantGroup section */

/* Begin XCBuildConfiguration section */
		8E190C2D1F483664006C2435 /* Debug */ = {
			isa = XCBuildConfiguration;
			buildSettings = {
				ALWAYS_SEARCH_USER_PATHS = NO;
				CLANG_ANALYZER_NONNULL = YES;
				CLANG_ANALYZER_NUMBER_OBJECT_CONVERSION = YES_AGGRESSIVE;
				CLANG_CXX_LANGUAGE_STANDARD = "gnu++0x";
				CLANG_CXX_LIBRARY = "libc++";
				CLANG_ENABLE_MODULES = YES;
				CLANG_ENABLE_OBJC_ARC = YES;
				CLANG_WARN_BOOL_CONVERSION = YES;
				CLANG_WARN_CONSTANT_CONVERSION = YES;
				CLANG_WARN_DIRECT_OBJC_ISA_USAGE = YES_ERROR;
				CLANG_WARN_DOCUMENTATION_COMMENTS = YES;
				CLANG_WARN_EMPTY_BODY = YES;
				CLANG_WARN_ENUM_CONVERSION = YES;
				CLANG_WARN_INFINITE_RECURSION = YES;
				CLANG_WARN_INT_CONVERSION = YES;
				CLANG_WARN_OBJC_ROOT_CLASS = YES_ERROR;
				CLANG_WARN_SUSPICIOUS_MOVE = YES;
				CLANG_WARN_UNREACHABLE_CODE = YES;
				CLANG_WARN__DUPLICATE_METHOD_MATCH = YES;
				"CODE_SIGN_IDENTITY[sdk=iphoneos*]" = "iPhone Developer";
				COPY_PHASE_STRIP = NO;
				DEBUG_INFORMATION_FORMAT = dwarf;
				ENABLE_STRICT_OBJC_MSGSEND = YES;
				ENABLE_TESTABILITY = YES;
				GCC_C_LANGUAGE_STANDARD = gnu99;
				GCC_DYNAMIC_NO_PIC = NO;
				GCC_NO_COMMON_BLOCKS = YES;
				GCC_OPTIMIZATION_LEVEL = 0;
				GCC_PREPROCESSOR_DEFINITIONS = (
					"DEBUG=1",
					"$(inherited)",
				);
				GCC_WARN_64_TO_32_BIT_CONVERSION = YES;
				GCC_WARN_ABOUT_RETURN_TYPE = YES_ERROR;
				GCC_WARN_UNDECLARED_SELECTOR = YES;
				GCC_WARN_UNINITIALIZED_AUTOS = YES_AGGRESSIVE;
				GCC_WARN_UNUSED_FUNCTION = YES;
				GCC_WARN_UNUSED_VARIABLE = YES;
				IPHONEOS_DEPLOYMENT_TARGET = 10.3;
				MTL_ENABLE_DEBUG_INFO = YES;
				ONLY_ACTIVE_ARCH = YES;
				SDKROOT = iphoneos;
				SWIFT_ACTIVE_COMPILATION_CONDITIONS = DEBUG;
				SWIFT_OPTIMIZATION_LEVEL = "-Onone";
			};
			name = Debug;
		};
		8E190C2E1F483664006C2435 /* Release */ = {
			isa = XCBuildConfiguration;
			buildSettings = {
				ALWAYS_SEARCH_USER_PATHS = NO;
				CLANG_ANALYZER_NONNULL = YES;
				CLANG_ANALYZER_NUMBER_OBJECT_CONVERSION = YES_AGGRESSIVE;
				CLANG_CXX_LANGUAGE_STANDARD = "gnu++0x";
				CLANG_CXX_LIBRARY = "libc++";
				CLANG_ENABLE_MODULES = YES;
				CLANG_ENABLE_OBJC_ARC = YES;
				CLANG_WARN_BOOL_CONVERSION = YES;
				CLANG_WARN_CONSTANT_CONVERSION = YES;
				CLANG_WARN_DIRECT_OBJC_ISA_USAGE = YES_ERROR;
				CLANG_WARN_DOCUMENTATION_COMMENTS = YES;
				CLANG_WARN_EMPTY_BODY = YES;
				CLANG_WARN_ENUM_CONVERSION = YES;
				CLANG_WARN_INFINITE_RECURSION = YES;
				CLANG_WARN_INT_CONVERSION = YES;
				CLANG_WARN_OBJC_ROOT_CLASS = YES_ERROR;
				CLANG_WARN_SUSPICIOUS_MOVE = YES;
				CLANG_WARN_UNREACHABLE_CODE = YES;
				CLANG_WARN__DUPLICATE_METHOD_MATCH = YES;
				"CODE_SIGN_IDENTITY[sdk=iphoneos*]" = "iPhone Developer";
				COPY_PHASE_STRIP = NO;
				DEBUG_INFORMATION_FORMAT = "dwarf-with-dsym";
				ENABLE_NS_ASSERTIONS = NO;
				ENABLE_STRICT_OBJC_MSGSEND = YES;
				GCC_C_LANGUAGE_STANDARD = gnu99;
				GCC_NO_COMMON_BLOCKS = YES;
				GCC_WARN_64_TO_32_BIT_CONVERSION = YES;
				GCC_WARN_ABOUT_RETURN_TYPE = YES_ERROR;
				GCC_WARN_UNDECLARED_SELECTOR = YES;
				GCC_WARN_UNINITIALIZED_AUTOS = YES_AGGRESSIVE;
				GCC_WARN_UNUSED_FUNCTION = YES;
				GCC_WARN_UNUSED_VARIABLE = YES;
				IPHONEOS_DEPLOYMENT_TARGET = 10.3;
				MTL_ENABLE_DEBUG_INFO = NO;
				SDKROOT = iphoneos;
				SWIFT_OPTIMIZATION_LEVEL = "-Owholemodule";
				VALIDATE_PRODUCT = YES;
			};
			name = Release;
		};
		8E190C301F483664006C2435 /* Debug */ = {
			isa = XCBuildConfiguration;
			buildSettings = {
				ASSETCATALOG_COMPILER_APPICON_NAME = AppIcon;
				ASSETCATALOG_COMPILER_LAUNCHIMAGE_NAME = LaunchImage;
				DEVELOPMENT_TEAM = 679D3BL67H;
				INFOPLIST_FILE = DYZB/Info.plist;
				IPHONEOS_DEPLOYMENT_TARGET = 9.0;
				LD_RUNPATH_SEARCH_PATHS = "$(inherited) @executable_path/Frameworks";
				PRODUCT_BUNDLE_IDENTIFIER = MXJ.DYZB;
				PRODUCT_NAME = "$(TARGET_NAME)";
				SWIFT_VERSION = 3.0;
			};
			name = Debug;
		};
		8E190C311F483664006C2435 /* Release */ = {
			isa = XCBuildConfiguration;
			buildSettings = {
				ASSETCATALOG_COMPILER_APPICON_NAME = AppIcon;
				ASSETCATALOG_COMPILER_LAUNCHIMAGE_NAME = LaunchImage;
				DEVELOPMENT_TEAM = 679D3BL67H;
				INFOPLIST_FILE = DYZB/Info.plist;
				IPHONEOS_DEPLOYMENT_TARGET = 9.0;
				LD_RUNPATH_SEARCH_PATHS = "$(inherited) @executable_path/Frameworks";
				PRODUCT_BUNDLE_IDENTIFIER = MXJ.DYZB;
				PRODUCT_NAME = "$(TARGET_NAME)";
				SWIFT_VERSION = 3.0;
			};
			name = Release;
		};
/* End XCBuildConfiguration section */

/* Begin XCConfigurationList section */
		8E190C181F483664006C2435 /* Build configuration list for PBXProject "DYZB" */ = {
			isa = XCConfigurationList;
			buildConfigurations = (
				8E190C2D1F483664006C2435 /* Debug */,
				8E190C2E1F483664006C2435 /* Release */,
			);
			defaultConfigurationIsVisible = 0;
			defaultConfigurationName = Release;
		};
		8E190C2F1F483664006C2435 /* Build configuration list for PBXNativeTarget "DYZB" */ = {
			isa = XCConfigurationList;
			buildConfigurations = (
				8E190C301F483664006C2435 /* Debug */,
				8E190C311F483664006C2435 /* Release */,
			);
			defaultConfigurationIsVisible = 0;
			defaultConfigurationName = Release;
		};
/* End XCConfigurationList section */
	};
	rootObject = 8E190C151F483664006C2435 /* Project object */;
}
